
Microsoft Visual Studio Solution File, Format Version 12.00
# Visual Studio Version 17
VisualStudioVersion = 17.13.35931.197
MinimumVisualStudioVersion = 10.0.40219.1
Project("{FAE04EC0-301F-11D3-BF4B-00C04F79EFBC}") = "WebScraper", "WebScraper\WebScraper.csproj", "{03060623-86C2-4313-9983-C0920C022A83}"
EndProject
Project("{FAE04EC0-301F-11D3-BF4B-00C04F79EFBC}") = "WebScraperWeb", "WebScraperWeb\WebScraperWeb.csproj", "{AA866CAD-E5C1-4591-8906-A734AFA5233F}"
EndProject
Project("{FAE04EC0-301F-11D3-BF4B-00C04F79EFBC}") = "WebScraperAPI", "WebScraperAPI\WebScraperAPI.csproj", "{7445E88C-0231-45BF-BAA6-728B647F243D}"
EndProject
Global
	GlobalSection(SolutionConfigurationPlatforms) = preSolution
		Debug|Any CPU = Debug|Any CPU
		Release|Any CPU = Release|Any CPU
	EndGlobalSection
	GlobalSection(ProjectConfigurationPlatforms) = postSolution
		{03060623-86C2-4313-9983-C0920C022A83}.Debug|Any CPU.ActiveCfg = Debug|Any CPU
		{03060623-86C2-4313-9983-C0920C022A83}.Debug|Any CPU.Build.0 = Debug|Any CPU
		{03060623-86C2-4313-9983-C0920C022A83}.Release|Any CPU.ActiveCfg = Release|Any CPU
		{03060623-86C2-4313-9983-C0920C022A83}.Release|Any CPU.Build.0 = Release|Any CPU
		{AA866CAD-E5C1-4591-8906-A734AFA5233F}.Debug|Any CPU.ActiveCfg = Debug|Any CPU
		{AA866CAD-E5C1-4591-8906-A734AFA5233F}.Debug|Any CPU.Build.0 = Debug|Any CPU
		{AA866CAD-E5C1-4591-8906-A734AFA5233F}.Release|Any CPU.ActiveCfg = Release|Any CPU
		{AA866CAD-E5C1-4591-8906-A734AFA5233F}.Release|Any CPU.Build.0 = Release|Any CPU
		{7445E88C-0231-45BF-BAA6-728B647F243D}.Debug|Any CPU.ActiveCfg = Debug|Any CPU
		{7445E88C-0231-45BF-BAA6-728B647F243D}.Debug|Any CPU.Build.0 = Debug|Any CPU
		{7445E88C-0231-45BF-BAA6-728B647F243D}.Release|Any CPU.ActiveCfg = Release|Any CPU
		{7445E88C-0231-45BF-BAA6-728B647F243D}.Release|Any CPU.Build.0 = Release|Any CPU
	EndGlobalSection
	GlobalSection(SolutionProperties) = preSolution
		HideSolutionNode = FALSE
	EndGlobalSection
	GlobalSection(ExtensibilityGlobals) = postSolution
		SolutionGuid = {49AFDD8C-503F-4534-90C4-7C768732D09C}
	EndGlobalSection
EndGlobal
